# THIS IS AN AUTOGENERATED FILE. DO NOT EDIT THIS FILE DIRECTLY.
# yarn lockfile v1


"@apideck/node@^2.9.2":
  version "2.9.2"
  resolved "https://registry.yarnpkg.com/@apideck/node/-/node-2.9.2.tgz#ef581494cafeb1a3dd6f9d816aacc8e38687d726"
  integrity sha512-jfPdX7/fGDfIX/TSpgNPNggFAtmhi/p1iX3twXrPqxKtfnbt+wRIQe5uzvu/P2uCL4o0/fFau/QCRh2Ea4onuw==
  dependencies:
    node-fetch-commonjs "^3.2.4"

node-domexception@^1.0.0:
  version "1.0.0"
  resolved "https://registry.yarnpkg.com/node-domexception/-/node-domexception-1.0.0.tgz#6888db46a1f71c0b76b3f7555016b63fe64766e5"
  integrity sha512-/jKZoMpw0F8GRwl4/eLROPA3cfcXtLApP0QzLmUT/HuPCZWyB7IY9ZrMeKw2O/nFIqPQB3PVM9aYm0F312AXDQ==

node-fetch-commonjs@^3.2.4:
  version "3.3.2"
  resolved "https://registry.yarnpkg.com/node-fetch-commonjs/-/node-fetch-commonjs-3.3.2.tgz#0dd0fd4c4a314c5234f496ff7b5d9ce5a6c8feaa"
  integrity sha512-VBlAiynj3VMLrotgwOS3OyECFxas5y7ltLcK4t41lMUZeaK15Ym4QRkqN0EQKAFL42q9i21EPKjzLUPfltR72A==
  dependencies:
    node-domexception "^1.0.0"
    web-streams-polyfill "^3.0.3"

web-streams-polyfill@^3.0.3:
  version "3.2.1"
  resolved "https://registry.yarnpkg.com/web-streams-polyfill/-/web-streams-polyfill-3.2.1.tgz#71c2718c52b45fd49dbeee88634b3a60ceab42a6"
  integrity sha512-e0MO3wdXWKrLbL0DgGnUV7WHVuw9OUvL4hjgnPkIeEvESk74gAITi5G606JtZPp39cd8HA9VQzCIvA49LpPN5Q==
